{
  "version": 4,
  "terraform_version": "1.9.8",
  "serial": 133,
  "lineage": "60432bb0-e419-3b6c-d23c-19db67089a56",
  "outputs": {
    "ubuntu_vm_private_key": {
      "value": "-----BEGIN RSA PRIVATE KEY-----\nMIIEowIBAAKCAQEAtMsu7Y2QcEg9vPt09XmXuhEFVdWLtHiv0rwLJsbTsL9pHIEV\nqiMsK6y93iui4w8dGp32neeSuxqo2t7ClPFVqo6SSGofChaDdMJyXw0kop0NENwd\n76qyoCfIVVPjLLXlHbvqrMfHuvWQormrFOeVLFuRna93hXeNeWz9N1nKWWWtiK1v\nOmRmZZHymSUzkxZzByLumzBDmSMiKLvKF4jLfLyElKyHZuJFNIPJiCg+GUTt5eQ2\nmehPf3+XXMC7NeMpJYWZIG/lhxanAIB5xnjPw+nsTLlgHSyJjUkznl6hCvHGws/q\nFVZUwUGmP4cQoqe5OJVvTEM7hEjaWfKTRGmSSQIDAQABAoIBAFS+6UBxG0OGmWn8\ndNacKIMPd3DEqLfv2nrtqkyC5rfzAVJbL8yQsCPI1TdPPQsyCnJvmSprYlxSItR1\nlsA6X+2S5v8Kv4H7C6Ovge0MPB/9fiJpC59MZG6uNznIGLTcjolhjJ9xBi6c7S9Z\n2NfztfkU8yz3Ew98+tPwQsGvVSqRtOYMUD62LUBeDyVKAJFryo9W8PGvM9uu+7+J\nGAJJIMXToi9AWtGifpeJxFo8f5obrZtqwPrIHyq2f+6sV3DXsPlmZQK128NmmwcS\nImYew3Z6NKjS6ZqsvngapFKCRZCMjo7TiAm3oeeN2PfDo8q/OCPeCsfBLS7b2OVz\nRL1YYAECgYEAzhISbKDmWNlcoB0+M0lgvGaq6/T/nUQji77ZKfVGqAYQXRRc5ONc\na+mGyT3Tw6zT2gJym6RurOswTpdFBISfT1q+6h/WhMDDiarih7wIEvmME0Aoz57X\nRHlxgbLczCiXe9uuY1B6GGGaMTSPtqdKjjAjWUPmPEGwWZiGjx3bB6cCgYEA4JlD\nF07Fr8KDl8oXwJe9eu8feYK43sZO2+SC9nBh2KwaOIs5JqFpcmjJCQ6W7ffynQeB\n5umqfEn+7cuDqaY0ordhoVOTQeXFhxZOqqN/UwNz42yAaS4ll/hu7L5ispgRgAIM\nAKiYrB0fc+3thZhnz4pk5be69Ln8tHpjIZy21I8CgYBmjXnb06svFmVRTZxR27en\nqxRuvwui0XE7L6xVhDo4jmQAXozoX/nzvlEUv48ut0jrGwK8UHW/2n+87O0tFW9P\nB6MxUszoXiIx1fhMgpgmEUjTn79vq+YHrsR9Pm1BsQXKXwaHaFqK3a/lwvmudczV\nvEErQG5JGIvR2uVEPiBtywKBgQCaUfQ9QYynNTmBxAQJ+rjgjQjNTrqDpzJr+Fjb\nx2ATpjzl+RMtrd5sE/99z554p9L1fkENTiQr/hPBhAJVQLQN0X6tgGU/9AaCyRsI\nOAq2GTs5WkXo/yIphzOAS1g5ai8sCzv//9fW+rOvzh1Tm+JIQckN5e35VQmDYExY\nvfsJlQKBgDz5+Rn4+u9Lpc2yQw+YnW4/akiAG+acz4krKjxpXMOqSXynyhTA2FYz\nSeJTtR4SQkk27jrntIe4JrDT37pAbFt+rIBemM/6ya4yGESxzQsBx/aG4zrhdkbm\nsiSgAw6ha9QVcr8axZ8jsOmRyhRCW0/4qLY/EdJv394MKufRQr3X\n-----END RSA PRIVATE KEY-----\n",
      "type": "string",
      "sensitive": true
    },
    "ubuntu_vm_public_key": {
      "value": "ssh-rsa AAAAB3NzaC1yc2EAAAADAQABAAABAQC0yy7tjZBwSD28+3T1eZe6EQVV1Yu0eK/SvAsmxtOwv2kcgRWqIywrrL3eK6LjDx0anfad55K7Gqja3sKU8VWqjpJIah8KFoN0wnJfDSSinQ0Q3B3vqrKgJ8hVU+MsteUdu+qsx8e69ZCiuasU55UsW5Gdr3eFd415bP03WcpZZa2IrW86ZGZlkfKZJTOTFnMHIu6bMEOZIyIou8oXiMt8vISUrIdm4kU0g8mIKD4ZRO3l5DaZ6E9/f5dcwLs14yklhZkgb+WHFqcAgHnGeM/D6exMuWAdLImNSTOeXqEK8cbCz+oVVlTBQaY/hxCip7k4lW9MQzuESNpZ8pNEaZJJ\n",
      "type": "string"
    }
  },
  "resources": [
    {
      "mode": "managed",
      "type": "proxmox_virtual_environment_download_file",
      "name": "ubuntu_cloud_image",
      "provider": "provider[\"registry.terraform.io/bpg/proxmox\"]",
      "instances": [
        {
          "schema_version": 0,
          "attributes": {
            "checksum": null,
            "checksum_algorithm": null,
            "content_type": "iso",
            "datastore_id": "local",
            "decompression_algorithm": null,
            "file_name": "jammy-server-cloudimg-amd64.img",
            "id": "local:iso/jammy-server-cloudimg-amd64.img",
            "node_name": "pve",
            "overwrite": true,
            "overwrite_unmanaged": false,
            "size": 653467136,
            "upload_timeout": 600,
            "url": "https://cloud-images.ubuntu.com/jammy/current/jammy-server-cloudimg-amd64.img",
            "verify": true
          },
          "sensitive_attributes": []
        }
      ]
    },
    {
      "mode": "managed",
      "type": "proxmox_virtual_environment_vm",
      "name": "audit_vm",
      "provider": "provider[\"registry.terraform.io/bpg/proxmox\"]",
      "instances": [
        {
          "schema_version": 0,
          "attributes": {
            "acpi": true,
            "agent": [],
            "audio_device": [],
            "bios": "seabios",
            "boot_order": null,
            "cdrom": [],
            "clone": [],
            "cpu": [
              {
                "affinity": "",
                "architecture": "",
                "cores": 2,
                "flags": null,
                "hotplugged": 0,
                "limit": 0,
                "numa": false,
                "sockets": 1,
                "type": "x86-64-v2-AES",
                "units": 1024
              }
            ],
            "description": "",
            "disk": [
              {
                "aio": "io_uring",
                "backup": true,
                "cache": "none",
                "datastore_id": "local-lvm",
                "discard": "on",
                "file_format": "raw",
                "file_id": "local:iso/jammy-server-cloudimg-amd64.img",
                "interface": "virtio0",
                "iothread": true,
                "path_in_datastore": "vm-101-disk-0",
                "replicate": true,
                "serial": "",
                "size": 20,
                "speed": [],
                "ssd": false
              }
            ],
            "efi_disk": [],
            "hook_script_file_id": null,
            "hostpci": [],
            "id": "101",
            "initialization": [
              {
                "datastore_id": "local-lvm",
                "dns": [],
                "interface": "ide2",
                "ip_config": [
                  {
                    "ipv4": [
                      {
                        "address": "192.168.122.245/24",
                        "gateway": "192.168.122.1"
                      }
                    ],
                    "ipv6": []
                  }
                ],
                "meta_data_file_id": "",
                "network_data_file_id": "",
                "type": "",
                "upgrade": false,
                "user_account": [
                  {
                    "keys": [
                      "ssh-rsa AAAAB3NzaC1yc2EAAAADAQABAAABAQC0yy7tjZBwSD28+3T1eZe6EQVV1Yu0eK/SvAsmxtOwv2kcgRWqIywrrL3eK6LjDx0anfad55K7Gqja3sKU8VWqjpJIah8KFoN0wnJfDSSinQ0Q3B3vqrKgJ8hVU+MsteUdu+qsx8e69ZCiuasU55UsW5Gdr3eFd415bP03WcpZZa2IrW86ZGZlkfKZJTOTFnMHIu6bMEOZIyIou8oXiMt8vISUrIdm4kU0g8mIKD4ZRO3l5DaZ6E9/f5dcwLs14yklhZkgb+WHFqcAgHnGeM/D6exMuWAdLImNSTOeXqEK8cbCz+oVVlTBQaY/hxCip7k4lW9MQzuESNpZ8pNEaZJJ"
                    ],
                    "password": "",
                    "username": "ubuntu-audit"
                  }
                ],
                "user_data_file_id": "",
                "vendor_data_file_id": ""
              }
            ],
            "ipv4_addresses": [],
            "ipv6_addresses": [],
            "keyboard_layout": "en-us",
            "kvm_arguments": "",
            "mac_addresses": [
              "BC:24:11:BC:F4:92"
            ],
            "machine": "",
            "memory": [
              {
                "dedicated": 2048,
                "floating": 2048,
                "hugepages": "",
                "keep_hugepages": false,
                "shared": 0
              }
            ],
            "migrate": false,
            "name": "audit",
            "network_device": [
              {
                "bridge": "vmbr0",
                "disconnected": false,
                "enabled": true,
                "firewall": false,
                "mac_address": "BC:24:11:BC:F4:92",
                "model": "virtio",
                "mtu": 0,
                "queues": 0,
                "rate_limit": 0,
                "trunks": "",
                "vlan_id": 0
              }
            ],
            "network_interface_names": [],
            "node_name": "pve",
            "numa": [],
            "on_boot": true,
            "operating_system": [],
            "pool_id": null,
            "protection": false,
            "reboot": false,
            "scsi_hardware": "virtio-scsi-pci",
            "serial_device": [],
            "smbios": [],
            "started": true,
            "startup": [],
            "stop_on_destroy": true,
            "tablet_device": true,
            "tags": null,
            "template": false,
            "timeout_clone": 1800,
            "timeout_create": 1800,
            "timeout_migrate": 1800,
            "timeout_move_disk": 1800,
            "timeout_reboot": 1800,
            "timeout_shutdown_vm": 1800,
            "timeout_start_vm": 1800,
            "timeout_stop_vm": 300,
            "tpm_state": [],
            "usb": [],
            "vga": [],
            "vm_id": 101,
            "watchdog": []
          },
          "sensitive_attributes": [
            [
              {
                "type": "get_attr",
                "value": "initialization"
              },
              {
                "type": "index",
                "value": {
                  "value": 0,
                  "type": "number"
                }
              },
              {
                "type": "get_attr",
                "value": "user_account"
              },
              {
                "type": "index",
                "value": {
                  "value": 0,
                  "type": "number"
                }
              },
              {
                "type": "get_attr",
                "value": "password"
              }
            ]
          ],
          "private": "bnVsbA==",
          "dependencies": [
            "proxmox_virtual_environment_download_file.ubuntu_cloud_image",
            "tls_private_key.ubuntu_vm_key"
          ]
        }
      ]
    },
    {
      "mode": "managed",
      "type": "proxmox_virtual_environment_vm",
      "name": "client_vm",
      "provider": "provider[\"registry.terraform.io/bpg/proxmox\"]",
      "instances": [
        {
          "index_key": "vm1",
          "schema_version": 0,
          "attributes": {
            "acpi": true,
            "agent": [],
            "audio_device": [],
            "bios": "seabios",
            "boot_order": null,
            "cdrom": [],
            "clone": [],
            "cpu": [
              {
                "affinity": "",
                "architecture": "",
                "cores": 2,
                "flags": null,
                "hotplugged": 0,
                "limit": 0,
                "numa": false,
                "sockets": 1,
                "type": "x86-64-v2-AES",
                "units": 1024
              }
            ],
            "description": "",
            "disk": [
              {
                "aio": "io_uring",
                "backup": true,
                "cache": "none",
                "datastore_id": "local-lvm",
                "discard": "on",
                "file_format": "raw",
                "file_id": "local:iso/jammy-server-cloudimg-amd64.img",
                "interface": "virtio0",
                "iothread": true,
                "path_in_datastore": "vm-100-disk-0",
                "replicate": true,
                "serial": "",
                "size": 20,
                "speed": [],
                "ssd": false
              }
            ],
            "efi_disk": [],
            "hook_script_file_id": null,
            "hostpci": [],
            "id": "100",
            "initialization": [
              {
                "datastore_id": "local-lvm",
                "dns": [],
                "interface": "ide2",
                "ip_config": [
                  {
                    "ipv4": [
                      {
                        "address": "192.168.122.245/24",
                        "gateway": "192.168.122.1"
                      }
                    ],
                    "ipv6": []
                  }
                ],
                "meta_data_file_id": "",
                "network_data_file_id": "",
                "type": "",
                "upgrade": false,
                "user_account": [
                  {
                    "keys": [
                      "ssh-rsa AAAAB3NzaC1yc2EAAAADAQABAAABAQC0yy7tjZBwSD28+3T1eZe6EQVV1Yu0eK/SvAsmxtOwv2kcgRWqIywrrL3eK6LjDx0anfad55K7Gqja3sKU8VWqjpJIah8KFoN0wnJfDSSinQ0Q3B3vqrKgJ8hVU+MsteUdu+qsx8e69ZCiuasU55UsW5Gdr3eFd415bP03WcpZZa2IrW86ZGZlkfKZJTOTFnMHIu6bMEOZIyIou8oXiMt8vISUrIdm4kU0g8mIKD4ZRO3l5DaZ6E9/f5dcwLs14yklhZkgb+WHFqcAgHnGeM/D6exMuWAdLImNSTOeXqEK8cbCz+oVVlTBQaY/hxCip7k4lW9MQzuESNpZ8pNEaZJJ"
                    ],
                    "password": "",
                    "username": "ubuntu-vm"
                  }
                ],
                "user_data_file_id": "",
                "vendor_data_file_id": ""
              }
            ],
            "ipv4_addresses": [],
            "ipv6_addresses": [],
            "keyboard_layout": "en-us",
            "kvm_arguments": "",
            "mac_addresses": [
              "BC:24:11:B7:CE:28"
            ],
            "machine": "",
            "memory": [
              {
                "dedicated": 512,
                "floating": 512,
                "hugepages": "",
                "keep_hugepages": false,
                "shared": 0
              }
            ],
            "migrate": false,
            "name": "vm1",
            "network_device": [
              {
                "bridge": "vmbr0",
                "disconnected": false,
                "enabled": true,
                "firewall": false,
                "mac_address": "BC:24:11:B7:CE:28",
                "model": "virtio",
                "mtu": 0,
                "queues": 0,
                "rate_limit": 0,
                "trunks": "",
                "vlan_id": 0
              }
            ],
            "network_interface_names": [],
            "node_name": "pve",
            "numa": [],
            "on_boot": true,
            "operating_system": [],
            "pool_id": null,
            "protection": false,
            "reboot": false,
            "scsi_hardware": "virtio-scsi-pci",
            "serial_device": [],
            "smbios": [],
            "started": true,
            "startup": [],
            "stop_on_destroy": true,
            "tablet_device": true,
            "tags": null,
            "template": false,
            "timeout_clone": 1800,
            "timeout_create": 1800,
            "timeout_migrate": 1800,
            "timeout_move_disk": 1800,
            "timeout_reboot": 1800,
            "timeout_shutdown_vm": 1800,
            "timeout_start_vm": 1800,
            "timeout_stop_vm": 300,
            "tpm_state": [],
            "usb": [],
            "vga": [],
            "vm_id": 100,
            "watchdog": []
          },
          "sensitive_attributes": [
            [
              {
                "type": "get_attr",
                "value": "initialization"
              },
              {
                "type": "index",
                "value": {
                  "value": 0,
                  "type": "number"
                }
              },
              {
                "type": "get_attr",
                "value": "user_account"
              },
              {
                "type": "index",
                "value": {
                  "value": 0,
                  "type": "number"
                }
              },
              {
                "type": "get_attr",
                "value": "password"
              }
            ]
          ],
          "private": "bnVsbA==",
          "dependencies": [
            "proxmox_virtual_environment_download_file.ubuntu_cloud_image",
            "tls_private_key.ubuntu_vm_key"
          ]
        }
      ]
    },
    {
      "mode": "managed",
      "type": "tls_private_key",
      "name": "ubuntu_vm_key",
      "provider": "provider[\"registry.terraform.io/hashicorp/tls\"]",
      "instances": [
        {
          "schema_version": 1,
          "attributes": {
            "algorithm": "RSA",
            "ecdsa_curve": "P224",
            "id": "6778cc7a01c50d15838e7e8bce1371befe151ec1",
            "private_key_openssh": "-----BEGIN OPENSSH PRIVATE KEY-----\nb3BlbnNzaC1rZXktdjEAAAAABG5vbmUAAAAEbm9uZQAAAAAAAAABAAABFwAAAAdz\nc2gtcnNhAAAAAwEAAQAAAQEAtMsu7Y2QcEg9vPt09XmXuhEFVdWLtHiv0rwLJsbT\nsL9pHIEVqiMsK6y93iui4w8dGp32neeSuxqo2t7ClPFVqo6SSGofChaDdMJyXw0k\nop0NENwd76qyoCfIVVPjLLXlHbvqrMfHuvWQormrFOeVLFuRna93hXeNeWz9N1nK\nWWWtiK1vOmRmZZHymSUzkxZzByLumzBDmSMiKLvKF4jLfLyElKyHZuJFNIPJiCg+\nGUTt5eQ2mehPf3+XXMC7NeMpJYWZIG/lhxanAIB5xnjPw+nsTLlgHSyJjUkznl6h\nCvHGws/qFVZUwUGmP4cQoqe5OJVvTEM7hEjaWfKTRGmSSQAAA7jjtXd447V3eAAA\nAAdzc2gtcnNhAAABAQC0yy7tjZBwSD28+3T1eZe6EQVV1Yu0eK/SvAsmxtOwv2kc\ngRWqIywrrL3eK6LjDx0anfad55K7Gqja3sKU8VWqjpJIah8KFoN0wnJfDSSinQ0Q\n3B3vqrKgJ8hVU+MsteUdu+qsx8e69ZCiuasU55UsW5Gdr3eFd415bP03WcpZZa2I\nrW86ZGZlkfKZJTOTFnMHIu6bMEOZIyIou8oXiMt8vISUrIdm4kU0g8mIKD4ZRO3l\n5DaZ6E9/f5dcwLs14yklhZkgb+WHFqcAgHnGeM/D6exMuWAdLImNSTOeXqEK8cbC\nz+oVVlTBQaY/hxCip7k4lW9MQzuESNpZ8pNEaZJJAAAAAwEAAQAAAQBUvulAcRtD\nhplp/HTWnCiDD3dwxKi379p67apMgua38wFSWy/MkLAjyNU3Tz0LMgpyb5kqa2Jc\nUiLUdZbAOl/tkub/Cr+B+wujr4HtDDwf/X4iaQufTGRurjc5yBi03I6JYYyfcQYu\nnO0vWdjX87X5FPMs9xMPfPrT8ELBr1UqkbTmDFA+ti1AXg8lSgCRa8qPVvDxrzPb\nrvu/iRgCSSDF06IvQFrRon6XicRaPH+aG62basD6yB8qtn/urFdw17D5ZmUCtdvD\nZpsHEiJmHsN2ejSo0umarL54GqRSgkWQjI6O04gJt6Hnjdj3w6PKvzgj3grHwS0u\n29jlc0S9WGABAAAAgDz5+Rn4+u9Lpc2yQw+YnW4/akiAG+acz4krKjxpXMOqSXyn\nyhTA2FYzSeJTtR4SQkk27jrntIe4JrDT37pAbFt+rIBemM/6ya4yGESxzQsBx/aG\n4zrhdkbmsiSgAw6ha9QVcr8axZ8jsOmRyhRCW0/4qLY/EdJv394MKufRQr3XAAAA\ngQDOEhJsoOZY2VygHT4zSWC8Zqrr9P+dRCOLvtkp9UaoBhBdFFzk41xr6YbJPdPD\nrNPaAnKbpG6s6zBOl0UEhJ9PWr7qH9aEwMOJquKHvAgS+YwTQCjPntdEeXGBstzM\nKJd7265jUHoYYZoxNI+2p0qOMCNZQ+Y8QbBZmIaPHdsHpwAAAIEA4JlDF07Fr8KD\nl8oXwJe9eu8feYK43sZO2+SC9nBh2KwaOIs5JqFpcmjJCQ6W7ffynQeB5umqfEn+\n7cuDqaY0ordhoVOTQeXFhxZOqqN/UwNz42yAaS4ll/hu7L5ispgRgAIMAKiYrB0f\nc+3thZhnz4pk5be69Ln8tHpjIZy21I8AAAAAAQID\n-----END OPENSSH PRIVATE KEY-----\n",
            "private_key_pem": "-----BEGIN RSA PRIVATE KEY-----\nMIIEowIBAAKCAQEAtMsu7Y2QcEg9vPt09XmXuhEFVdWLtHiv0rwLJsbTsL9pHIEV\nqiMsK6y93iui4w8dGp32neeSuxqo2t7ClPFVqo6SSGofChaDdMJyXw0kop0NENwd\n76qyoCfIVVPjLLXlHbvqrMfHuvWQormrFOeVLFuRna93hXeNeWz9N1nKWWWtiK1v\nOmRmZZHymSUzkxZzByLumzBDmSMiKLvKF4jLfLyElKyHZuJFNIPJiCg+GUTt5eQ2\nmehPf3+XXMC7NeMpJYWZIG/lhxanAIB5xnjPw+nsTLlgHSyJjUkznl6hCvHGws/q\nFVZUwUGmP4cQoqe5OJVvTEM7hEjaWfKTRGmSSQIDAQABAoIBAFS+6UBxG0OGmWn8\ndNacKIMPd3DEqLfv2nrtqkyC5rfzAVJbL8yQsCPI1TdPPQsyCnJvmSprYlxSItR1\nlsA6X+2S5v8Kv4H7C6Ovge0MPB/9fiJpC59MZG6uNznIGLTcjolhjJ9xBi6c7S9Z\n2NfztfkU8yz3Ew98+tPwQsGvVSqRtOYMUD62LUBeDyVKAJFryo9W8PGvM9uu+7+J\nGAJJIMXToi9AWtGifpeJxFo8f5obrZtqwPrIHyq2f+6sV3DXsPlmZQK128NmmwcS\nImYew3Z6NKjS6ZqsvngapFKCRZCMjo7TiAm3oeeN2PfDo8q/OCPeCsfBLS7b2OVz\nRL1YYAECgYEAzhISbKDmWNlcoB0+M0lgvGaq6/T/nUQji77ZKfVGqAYQXRRc5ONc\na+mGyT3Tw6zT2gJym6RurOswTpdFBISfT1q+6h/WhMDDiarih7wIEvmME0Aoz57X\nRHlxgbLczCiXe9uuY1B6GGGaMTSPtqdKjjAjWUPmPEGwWZiGjx3bB6cCgYEA4JlD\nF07Fr8KDl8oXwJe9eu8feYK43sZO2+SC9nBh2KwaOIs5JqFpcmjJCQ6W7ffynQeB\n5umqfEn+7cuDqaY0ordhoVOTQeXFhxZOqqN/UwNz42yAaS4ll/hu7L5ispgRgAIM\nAKiYrB0fc+3thZhnz4pk5be69Ln8tHpjIZy21I8CgYBmjXnb06svFmVRTZxR27en\nqxRuvwui0XE7L6xVhDo4jmQAXozoX/nzvlEUv48ut0jrGwK8UHW/2n+87O0tFW9P\nB6MxUszoXiIx1fhMgpgmEUjTn79vq+YHrsR9Pm1BsQXKXwaHaFqK3a/lwvmudczV\nvEErQG5JGIvR2uVEPiBtywKBgQCaUfQ9QYynNTmBxAQJ+rjgjQjNTrqDpzJr+Fjb\nx2ATpjzl+RMtrd5sE/99z554p9L1fkENTiQr/hPBhAJVQLQN0X6tgGU/9AaCyRsI\nOAq2GTs5WkXo/yIphzOAS1g5ai8sCzv//9fW+rOvzh1Tm+JIQckN5e35VQmDYExY\nvfsJlQKBgDz5+Rn4+u9Lpc2yQw+YnW4/akiAG+acz4krKjxpXMOqSXynyhTA2FYz\nSeJTtR4SQkk27jrntIe4JrDT37pAbFt+rIBemM/6ya4yGESxzQsBx/aG4zrhdkbm\nsiSgAw6ha9QVcr8axZ8jsOmRyhRCW0/4qLY/EdJv394MKufRQr3X\n-----END RSA PRIVATE KEY-----\n",
            "private_key_pem_pkcs8": "-----BEGIN PRIVATE KEY-----\nMIIEvQIBADANBgkqhkiG9w0BAQEFAASCBKcwggSjAgEAAoIBAQC0yy7tjZBwSD28\n+3T1eZe6EQVV1Yu0eK/SvAsmxtOwv2kcgRWqIywrrL3eK6LjDx0anfad55K7Gqja\n3sKU8VWqjpJIah8KFoN0wnJfDSSinQ0Q3B3vqrKgJ8hVU+MsteUdu+qsx8e69ZCi\nuasU55UsW5Gdr3eFd415bP03WcpZZa2IrW86ZGZlkfKZJTOTFnMHIu6bMEOZIyIo\nu8oXiMt8vISUrIdm4kU0g8mIKD4ZRO3l5DaZ6E9/f5dcwLs14yklhZkgb+WHFqcA\ngHnGeM/D6exMuWAdLImNSTOeXqEK8cbCz+oVVlTBQaY/hxCip7k4lW9MQzuESNpZ\n8pNEaZJJAgMBAAECggEAVL7pQHEbQ4aZafx01pwogw93cMSot+/aeu2qTILmt/MB\nUlsvzJCwI8jVN089CzIKcm+ZKmtiXFIi1HWWwDpf7ZLm/wq/gfsLo6+B7Qw8H/1+\nImkLn0xkbq43OcgYtNyOiWGMn3EGLpztL1nY1/O1+RTzLPcTD3z60/BCwa9VKpG0\n5gxQPrYtQF4PJUoAkWvKj1bw8a8z2677v4kYAkkgxdOiL0Ba0aJ+l4nEWjx/mhut\nm2rA+sgfKrZ/7qxXcNew+WZlArXbw2abBxIiZh7Ddno0qNLpmqy+eBqkUoJFkIyO\njtOICbeh543Y98Ojyr84I94Kx8EtLtvY5XNEvVhgAQKBgQDOEhJsoOZY2VygHT4z\nSWC8Zqrr9P+dRCOLvtkp9UaoBhBdFFzk41xr6YbJPdPDrNPaAnKbpG6s6zBOl0UE\nhJ9PWr7qH9aEwMOJquKHvAgS+YwTQCjPntdEeXGBstzMKJd7265jUHoYYZoxNI+2\np0qOMCNZQ+Y8QbBZmIaPHdsHpwKBgQDgmUMXTsWvwoOXyhfAl7167x95grjexk7b\n5IL2cGHYrBo4izkmoWlyaMkJDpbt9/KdB4Hm6ap8Sf7ty4OppjSit2GhU5NB5cWH\nFk6qo39TA3PjbIBpLiWX+G7svmKymBGAAgwAqJisHR9z7e2FmGfPimTlt7r0ufy0\nemMhnLbUjwKBgGaNedvTqy8WZVFNnFHbt6erFG6/C6LRcTsvrFWEOjiOZABejOhf\n+fO+URS/jy63SOsbArxQdb/af7zs7S0Vb08HozFSzOheIjHV+EyCmCYRSNOfv2+r\n5geuxH0+bUGxBcpfBodoWordr+XC+a51zNW8QStAbkkYi9Ha5UQ+IG3LAoGBAJpR\n9D1BjKc1OYHEBAn6uOCNCM1OuoOnMmv4WNvHYBOmPOX5Ey2t3mwT/33Pnnin0vV+\nQQ1OJCv+E8GEAlVAtA3Rfq2AZT/0BoLJGwg4CrYZOzlaRej/IimHM4BLWDlqLywL\nO///19b6s6/OHVOb4khByQ3l7flVCYNgTFi9+wmVAoGAPPn5Gfj670ulzbJDD5id\nbj9qSIAb5pzPiSsqPGlcw6pJfKfKFMDYVjNJ4lO1HhJCSTbuOue0h7gmsNPfukBs\nW36sgF6Yz/rJrjIYRLHNCwHH9objOuF2RuayJKADDqFr1BVyvxrFnyOw6ZHKFEJb\nT/iotj8R0m/f3gwq59FCvdc=\n-----END PRIVATE KEY-----\n",
            "public_key_fingerprint_md5": "64:fb:1e:18:5a:ec:7d:3e:fd:59:e8:3b:bc:c1:88:77",
            "public_key_fingerprint_sha256": "SHA256:62VqqmSEmTvnSOY0XLyyH109VhRnAg6NRB/gpBwydI8",
            "public_key_openssh": "ssh-rsa AAAAB3NzaC1yc2EAAAADAQABAAABAQC0yy7tjZBwSD28+3T1eZe6EQVV1Yu0eK/SvAsmxtOwv2kcgRWqIywrrL3eK6LjDx0anfad55K7Gqja3sKU8VWqjpJIah8KFoN0wnJfDSSinQ0Q3B3vqrKgJ8hVU+MsteUdu+qsx8e69ZCiuasU55UsW5Gdr3eFd415bP03WcpZZa2IrW86ZGZlkfKZJTOTFnMHIu6bMEOZIyIou8oXiMt8vISUrIdm4kU0g8mIKD4ZRO3l5DaZ6E9/f5dcwLs14yklhZkgb+WHFqcAgHnGeM/D6exMuWAdLImNSTOeXqEK8cbCz+oVVlTBQaY/hxCip7k4lW9MQzuESNpZ8pNEaZJJ\n",
            "public_key_pem": "-----BEGIN PUBLIC KEY-----\nMIIBIjANBgkqhkiG9w0BAQEFAAOCAQ8AMIIBCgKCAQEAtMsu7Y2QcEg9vPt09XmX\nuhEFVdWLtHiv0rwLJsbTsL9pHIEVqiMsK6y93iui4w8dGp32neeSuxqo2t7ClPFV\nqo6SSGofChaDdMJyXw0kop0NENwd76qyoCfIVVPjLLXlHbvqrMfHuvWQormrFOeV\nLFuRna93hXeNeWz9N1nKWWWtiK1vOmRmZZHymSUzkxZzByLumzBDmSMiKLvKF4jL\nfLyElKyHZuJFNIPJiCg+GUTt5eQ2mehPf3+XXMC7NeMpJYWZIG/lhxanAIB5xnjP\nw+nsTLlgHSyJjUkznl6hCvHGws/qFVZUwUGmP4cQoqe5OJVvTEM7hEjaWfKTRGmS\nSQIDAQAB\n-----END PUBLIC KEY-----\n",
            "rsa_bits": 2048
          },
          "sensitive_attributes": [
            [
              {
                "type": "get_attr",
                "value": "private_key_pem"
              }
            ],
            [
              {
                "type": "get_attr",
                "value": "private_key_openssh"
              }
            ],
            [
              {
                "type": "get_attr",
                "value": "private_key_pem_pkcs8"
              }
            ]
          ]
        }
      ]
    }
  ],
  "check_results": null
}
