{
  "version": 4,
  "terraform_version": "1.9.8",
  "serial": 113,
  "lineage": "60432bb0-e419-3b6c-d23c-19db67089a56",
  "outputs": {
    "ubuntu_vm_private_key": {
      "value": "-----BEGIN RSA PRIVATE KEY-----\nMIIEpQIBAAKCAQEA4cbCunbS9TPWc4oQYlSDNQ/h8v6bElFOTLhk1UWxcGGtD+Lm\nyfWJ7yDAEm0Cxof0QLsLMEptxRNejI2OU8JYVZoUnGlrrEds+4Q8mN55DoYdCjlC\nG4lBGwJ1N2V3nhaTl/YJlglFhkGMcNe19WcHxgLgfv852LS+z62CMYplUZxQj2sI\nnuKuhw3KmCn/ubQqLdnL5RWSoqTGy2mUGF4quLQjj48LoP31ASkaJ1RFs+N7kPLX\nKqS9Q1ZaK0EkCbkBz7DNykTJnDYmaNM9S0thYfnZI6gqc1sYCyhMUmZkzgdLDf1q\ngZnszoLYPCrsbt7yVMXqZTqWvWE6+jwB4yv31wIDAQABAoIBAA+ltM0zev9fbldn\nlCcccFN3HFO47YphdCnBBcv6HogJXPMi6JfKmpqmDGm6gFy+A2GRFP9tyRnFc+IN\n1XVcnL6iBRep/rpb4OO1kHWPxZgKF20j9r7tzkNO8ky6jYW5TtVTSerKDbV2SYNw\nj73IPDOu81wZ2Cp6rFa8Ua+ZRdhX+acIu+QHE2tobIMJCt9WA25VKkA7Qp1NjlhQ\nkZjbrIsjClUx7HmSb5/Pu3bZXU3pBr6/ytIi0OSEGcyV/kvn8Tx6Tvnyuck82H+2\nUuBL+l2KHnS/4ERfiaIh8mTzLYdiCJQewNzeg/4H2jR5s4JhRukJgDEHDi/bLPS/\n7YgOtbECgYEA/Sc7wFDIpihSDzqP/T4J+/edCjgpLfQ3T7aGHpz2QUs6dereJOsC\nBmvSRHtAZgIMIEWbbqPi1ZOB5hlJ8SqSMRdCGcCCJjAoEoh+Ot7vO3UNf+c16c/v\nHw8ozxoO+EMYJX8l8YTCh20mDPCD11nwPmsx94qoNeCrjaCnxNftx2sCgYEA5FC3\nSkqNfrRp5cftUbU3uIG63RoRxUFpiiO3gDkqDyUg/jqaCViYjaAVm3kUNA3rYoV6\nQ8gopyH3CtvBmrKcjJxG1ENhQiRTazUOL0DMuUj+KNPuTmB5Rht43W/wen000DdK\nn3LJmE0xfoLH4uoNZ3d589arOOfny1bS5ehlqEUCgYEAqIcu2vesrBjZkDPPWaqs\nYOZV0FDU8TfMfq+nF8gslAkt0QRbgL5GqdmrsFVQ6NfiFLXiJMTLpJ0/c9xQAlHx\n4uZ15cjnm96hPr1JM43oO2/QXd6hYJdBvC6OX1kcsB+SepvruZ5FFn0OQLz5OCsy\nqYsZR48yLjP0YSObrIqHTCMCgYEAqy9h3k/7u06mP+UhKSxItQyAARt0y4N6EFsr\nUPaLdIOQM03ZBLzq1PV8fe/QmB7/qAUQYRYIdRfgVMHkbYsSGdNqv+gtWhxGd5F2\nKzPYy+vQtOgCO73V8BzVCKLPmeea26s5RkgYoxrtyz9fg+GdX0CTraH9C1PF1g4p\nXrxazEkCgYEAsqMGU3+1jKTnprOZ1l7Msvcww5aZWxzV65tMvePcJqC9w75XVRBn\nY2VkYELePSv3ZQK0NVGhIGmOqYy/9gKMCdRz2SIuR4QxfJ9Bb/9cLMnO/URjm8yU\nL9bRLwGZn5/bGDjGPOAEgAN73L9LcxdkVImj36vItiJG+/g7rXOGA14=\n-----END RSA PRIVATE KEY-----\n",
      "type": "string",
      "sensitive": true
    },
    "ubuntu_vm_public_key": {
      "value": "ssh-rsa AAAAB3NzaC1yc2EAAAADAQABAAABAQDhxsK6dtL1M9ZzihBiVIM1D+Hy/psSUU5MuGTVRbFwYa0P4ubJ9YnvIMASbQLGh/RAuwswSm3FE16MjY5TwlhVmhScaWusR2z7hDyY3nkOhh0KOUIbiUEbAnU3ZXeeFpOX9gmWCUWGQYxw17X1ZwfGAuB+/znYtL7PrYIximVRnFCPawie4q6HDcqYKf+5tCot2cvlFZKipMbLaZQYXiq4tCOPjwug/fUBKRonVEWz43uQ8tcqpL1DVlorQSQJuQHPsM3KRMmcNiZo0z1LS2Fh+dkjqCpzWxgLKExSZmTOB0sN/WqBmezOgtg8Kuxu3vJUxeplOpa9YTr6PAHjK/fX\n",
      "type": "string"
    }
  },
  "resources": [
    {
      "mode": "managed",
      "type": "proxmox_virtual_environment_download_file",
      "name": "ubuntu_cloud_image",
      "provider": "provider[\"registry.terraform.io/bpg/proxmox\"]",
      "instances": [
        {
          "schema_version": 0,
          "attributes": {
            "checksum": null,
            "checksum_algorithm": null,
            "content_type": "iso",
            "datastore_id": "local",
            "decompression_algorithm": null,
            "file_name": "jammy-server-cloudimg-amd64.img",
            "id": "local:iso/jammy-server-cloudimg-amd64.img",
            "node_name": "pve",
            "overwrite": true,
            "overwrite_unmanaged": false,
            "size": 653467136,
            "upload_timeout": 600,
            "url": "https://cloud-images.ubuntu.com/jammy/current/jammy-server-cloudimg-amd64.img",
            "verify": true
          },
          "sensitive_attributes": []
        }
      ]
    },
    {
      "mode": "managed",
      "type": "proxmox_virtual_environment_vm",
      "name": "audit_vm",
      "provider": "provider[\"registry.terraform.io/bpg/proxmox\"]",
      "instances": [
        {
          "schema_version": 0,
          "attributes": {
            "acpi": true,
            "agent": [],
            "audio_device": [],
            "bios": "seabios",
            "boot_order": null,
            "cdrom": [],
            "clone": [],
            "cpu": [
              {
                "affinity": "",
                "architecture": "",
                "cores": 2,
                "flags": null,
                "hotplugged": 0,
                "limit": 0,
                "numa": false,
                "sockets": 1,
                "type": "x86-64-v2-AES",
                "units": 1024
              }
            ],
            "description": "",
            "disk": [
              {
                "aio": "io_uring",
                "backup": true,
                "cache": "none",
                "datastore_id": "local-lvm",
                "discard": "ignore",
                "file_format": "raw",
                "file_id": "",
                "interface": "virtio0",
                "iothread": false,
                "path_in_datastore": "vm-100-disk-0",
                "replicate": true,
                "serial": "",
                "size": 20,
                "speed": [],
                "ssd": false
              }
            ],
            "efi_disk": [],
            "hook_script_file_id": null,
            "hostpci": [],
            "id": "100",
            "initialization": [
              {
                "datastore_id": "local-lvm",
                "dns": [],
                "interface": "ide2",
                "ip_config": [
                  {
                    "ipv4": [
                      {
                        "address": "192.168.3.234/24",
                        "gateway": "192.168.3.1"
                      }
                    ],
                    "ipv6": []
                  }
                ],
                "meta_data_file_id": "",
                "network_data_file_id": "",
                "type": "",
                "upgrade": false,
                "user_account": [
                  {
                    "keys": [
                      "ssh-rsa AAAAB3NzaC1yc2EAAAADAQABAAABAQDhxsK6dtL1M9ZzihBiVIM1D+Hy/psSUU5MuGTVRbFwYa0P4ubJ9YnvIMASbQLGh/RAuwswSm3FE16MjY5TwlhVmhScaWusR2z7hDyY3nkOhh0KOUIbiUEbAnU3ZXeeFpOX9gmWCUWGQYxw17X1ZwfGAuB+/znYtL7PrYIximVRnFCPawie4q6HDcqYKf+5tCot2cvlFZKipMbLaZQYXiq4tCOPjwug/fUBKRonVEWz43uQ8tcqpL1DVlorQSQJuQHPsM3KRMmcNiZo0z1LS2Fh+dkjqCpzWxgLKExSZmTOB0sN/WqBmezOgtg8Kuxu3vJUxeplOpa9YTr6PAHjK/fX"
                    ],
                    "password": "**********",
                    "username": "ubuntu-audit"
                  }
                ],
                "user_data_file_id": "",
                "vendor_data_file_id": ""
              }
            ],
            "ipv4_addresses": [],
            "ipv6_addresses": [],
            "keyboard_layout": "en-us",
            "kvm_arguments": "",
            "mac_addresses": [
              "BC:24:11:92:7D:E5"
            ],
            "machine": "",
            "memory": [
              {
                "dedicated": 2048,
                "floating": 2048,
                "hugepages": "",
                "keep_hugepages": false,
                "shared": 0
              }
            ],
            "migrate": false,
            "name": "audit",
            "network_device": [
              {
                "bridge": "vmbr0",
                "disconnected": false,
                "enabled": true,
                "firewall": false,
                "mac_address": "BC:24:11:92:7D:E5",
                "model": "virtio",
                "mtu": 0,
                "queues": 0,
                "rate_limit": 0,
                "trunks": "",
                "vlan_id": 0
              }
            ],
            "network_interface_names": [],
            "node_name": "pve",
            "numa": [],
            "on_boot": true,
            "operating_system": [],
            "pool_id": null,
            "protection": false,
            "reboot": false,
            "scsi_hardware": "virtio-scsi-pci",
            "serial_device": [],
            "smbios": [],
            "started": true,
            "startup": [],
            "stop_on_destroy": true,
            "tablet_device": true,
            "tags": null,
            "template": false,
            "timeout_clone": 1800,
            "timeout_create": 1800,
            "timeout_migrate": 1800,
            "timeout_move_disk": 1800,
            "timeout_reboot": 1800,
            "timeout_shutdown_vm": 1800,
            "timeout_start_vm": 1800,
            "timeout_stop_vm": 300,
            "tpm_state": [],
            "usb": [],
            "vga": [],
            "vm_id": 100,
            "watchdog": []
          },
          "sensitive_attributes": [
            [
              {
                "type": "get_attr",
                "value": "initialization"
              },
              {
                "type": "index",
                "value": {
                  "value": 0,
                  "type": "number"
                }
              },
              {
                "type": "get_attr",
                "value": "user_account"
              },
              {
                "type": "index",
                "value": {
                  "value": 0,
                  "type": "number"
                }
              },
              {
                "type": "get_attr",
                "value": "password"
              }
            ]
          ],
          "private": "bnVsbA==",
          "dependencies": [
            "tls_private_key.ubuntu_vm_key"
          ]
        }
      ]
    },
    {
      "mode": "managed",
      "type": "proxmox_virtual_environment_vm",
      "name": "client_vm",
      "provider": "provider[\"registry.terraform.io/bpg/proxmox\"]",
      "instances": [
        {
          "index_key": "vm1",
          "schema_version": 0,
          "attributes": {
            "acpi": true,
            "agent": [],
            "audio_device": [],
            "bios": "seabios",
            "boot_order": null,
            "cdrom": [],
            "clone": [],
            "cpu": [
              {
                "affinity": "",
                "architecture": "",
                "cores": 2,
                "flags": null,
                "hotplugged": 0,
                "limit": 0,
                "numa": false,
                "sockets": 1,
                "type": "x86-64-v2-AES",
                "units": 1024
              }
            ],
            "description": "",
            "disk": [
              {
                "aio": "io_uring",
                "backup": true,
                "cache": "none",
                "datastore_id": "local-lvm",
                "discard": "on",
                "file_format": "raw",
                "file_id": "local:iso/jammy-server-cloudimg-amd64.img",
                "interface": "virtio0",
                "iothread": true,
                "path_in_datastore": "vm-101-disk-0",
                "replicate": true,
                "serial": "",
                "size": 20,
                "speed": [],
                "ssd": false
              }
            ],
            "efi_disk": [],
            "hook_script_file_id": null,
            "hostpci": [],
            "id": "101",
            "initialization": [
              {
                "datastore_id": "local-lvm",
                "dns": [],
                "interface": "ide2",
                "ip_config": [
                  {
                    "ipv4": [
                      {
                        "address": "192.168.3.233/24",
                        "gateway": "192.168.3.1"
                      }
                    ],
                    "ipv6": []
                  }
                ],
                "meta_data_file_id": "",
                "network_data_file_id": "",
                "type": "",
                "upgrade": false,
                "user_account": [
                  {
                    "keys": [
                      "ssh-rsa AAAAB3NzaC1yc2EAAAADAQABAAABAQDhxsK6dtL1M9ZzihBiVIM1D+Hy/psSUU5MuGTVRbFwYa0P4ubJ9YnvIMASbQLGh/RAuwswSm3FE16MjY5TwlhVmhScaWusR2z7hDyY3nkOhh0KOUIbiUEbAnU3ZXeeFpOX9gmWCUWGQYxw17X1ZwfGAuB+/znYtL7PrYIximVRnFCPawie4q6HDcqYKf+5tCot2cvlFZKipMbLaZQYXiq4tCOPjwug/fUBKRonVEWz43uQ8tcqpL1DVlorQSQJuQHPsM3KRMmcNiZo0z1LS2Fh+dkjqCpzWxgLKExSZmTOB0sN/WqBmezOgtg8Kuxu3vJUxeplOpa9YTr6PAHjK/fX"
                    ],
                    "password": "**********",
                    "username": "ubuntu_vm"
                  }
                ],
                "user_data_file_id": "",
                "vendor_data_file_id": ""
              }
            ],
            "ipv4_addresses": [],
            "ipv6_addresses": [],
            "keyboard_layout": "en-us",
            "kvm_arguments": "",
            "mac_addresses": [
              "BC:24:11:E9:5D:D4"
            ],
            "machine": "",
            "memory": [
              {
                "dedicated": 512,
                "floating": 512,
                "hugepages": "",
                "keep_hugepages": false,
                "shared": 0
              }
            ],
            "migrate": false,
            "name": "vm1",
            "network_device": [
              {
                "bridge": "vmbr0",
                "disconnected": false,
                "enabled": true,
                "firewall": false,
                "mac_address": "BC:24:11:E9:5D:D4",
                "model": "virtio",
                "mtu": 0,
                "queues": 0,
                "rate_limit": 0,
                "trunks": "",
                "vlan_id": 0
              }
            ],
            "network_interface_names": [],
            "node_name": "pve",
            "numa": [],
            "on_boot": true,
            "operating_system": [],
            "pool_id": null,
            "protection": false,
            "reboot": false,
            "scsi_hardware": "virtio-scsi-pci",
            "serial_device": [],
            "smbios": [],
            "started": true,
            "startup": [],
            "stop_on_destroy": true,
            "tablet_device": true,
            "tags": null,
            "template": false,
            "timeout_clone": 1800,
            "timeout_create": 1800,
            "timeout_migrate": 1800,
            "timeout_move_disk": 1800,
            "timeout_reboot": 1800,
            "timeout_shutdown_vm": 1800,
            "timeout_start_vm": 1800,
            "timeout_stop_vm": 300,
            "tpm_state": [],
            "usb": [],
            "vga": [],
            "vm_id": 101,
            "watchdog": []
          },
          "sensitive_attributes": [
            [
              {
                "type": "get_attr",
                "value": "initialization"
              },
              {
                "type": "index",
                "value": {
                  "value": 0,
                  "type": "number"
                }
              },
              {
                "type": "get_attr",
                "value": "user_account"
              },
              {
                "type": "index",
                "value": {
                  "value": 0,
                  "type": "number"
                }
              },
              {
                "type": "get_attr",
                "value": "password"
              }
            ]
          ],
          "private": "bnVsbA==",
          "dependencies": [
            "proxmox_virtual_environment_download_file.ubuntu_cloud_image",
            "tls_private_key.ubuntu_vm_key"
          ]
        }
      ]
    },
    {
      "mode": "managed",
      "type": "tls_private_key",
      "name": "ubuntu_vm_key",
      "provider": "provider[\"registry.terraform.io/hashicorp/tls\"]",
      "instances": [
        {
          "schema_version": 1,
          "attributes": {
            "algorithm": "RSA",
            "ecdsa_curve": "P224",
            "id": "6b958754e4e0e057ca3ab72443347131afdc551a",
            "private_key_openssh": "-----BEGIN OPENSSH PRIVATE KEY-----\nb3BlbnNzaC1rZXktdjEAAAAABG5vbmUAAAAEbm9uZQAAAAAAAAABAAABFwAAAAdz\nc2gtcnNhAAAAAwEAAQAAAQEA4cbCunbS9TPWc4oQYlSDNQ/h8v6bElFOTLhk1UWx\ncGGtD+LmyfWJ7yDAEm0Cxof0QLsLMEptxRNejI2OU8JYVZoUnGlrrEds+4Q8mN55\nDoYdCjlCG4lBGwJ1N2V3nhaTl/YJlglFhkGMcNe19WcHxgLgfv852LS+z62CMYpl\nUZxQj2sInuKuhw3KmCn/ubQqLdnL5RWSoqTGy2mUGF4quLQjj48LoP31ASkaJ1RF\ns+N7kPLXKqS9Q1ZaK0EkCbkBz7DNykTJnDYmaNM9S0thYfnZI6gqc1sYCyhMUmZk\nzgdLDf1qgZnszoLYPCrsbt7yVMXqZTqWvWE6+jwB4yv31wAAA7hYdsr8WHbK/AAA\nAAdzc2gtcnNhAAABAQDhxsK6dtL1M9ZzihBiVIM1D+Hy/psSUU5MuGTVRbFwYa0P\n4ubJ9YnvIMASbQLGh/RAuwswSm3FE16MjY5TwlhVmhScaWusR2z7hDyY3nkOhh0K\nOUIbiUEbAnU3ZXeeFpOX9gmWCUWGQYxw17X1ZwfGAuB+/znYtL7PrYIximVRnFCP\nawie4q6HDcqYKf+5tCot2cvlFZKipMbLaZQYXiq4tCOPjwug/fUBKRonVEWz43uQ\n8tcqpL1DVlorQSQJuQHPsM3KRMmcNiZo0z1LS2Fh+dkjqCpzWxgLKExSZmTOB0sN\n/WqBmezOgtg8Kuxu3vJUxeplOpa9YTr6PAHjK/fXAAAAAwEAAQAAAQAPpbTNM3r/\nX25XZ5QnHHBTdxxTuO2KYXQpwQXL+h6ICVzzIuiXypqapgxpuoBcvgNhkRT/bckZ\nxXPiDdV1XJy+ogUXqf66W+DjtZB1j8WYChdtI/a+7c5DTvJMuo2FuU7VU0nqyg21\ndkmDcI+9yDwzrvNcGdgqeqxWvFGvmUXYV/mnCLvkBxNraGyDCQrfVgNuVSpAO0Kd\nTY5YUJGY26yLIwpVMex5km+fz7t22V1N6Qa+v8rSItDkhBnMlf5L5/E8ek758rnJ\nPNh/tlLgS/pdih50v+BEX4miIfJk8y2HYgiUHsDc3oP+B9o0ebOCYUbpCYAxBw4v\n2yz0v+2IDrWxAAAAgQCyowZTf7WMpOems5nWXsyy9zDDlplbHNXrm0y949wmoL3D\nvldVEGdjZWRgQt49K/dlArQ1UaEgaY6pjL/2AowJ1HPZIi5HhDF8n0Fv/1wsyc79\nRGObzJQv1tEvAZmfn9sYOMY84ASAA3vcv0tzF2RUiaPfq8i2Ikb7+Dutc4YDXgAA\nAIEA/Sc7wFDIpihSDzqP/T4J+/edCjgpLfQ3T7aGHpz2QUs6dereJOsCBmvSRHtA\nZgIMIEWbbqPi1ZOB5hlJ8SqSMRdCGcCCJjAoEoh+Ot7vO3UNf+c16c/vHw8ozxoO\n+EMYJX8l8YTCh20mDPCD11nwPmsx94qoNeCrjaCnxNftx2sAAACBAORQt0pKjX60\naeXH7VG1N7iBut0aEcVBaYojt4A5Kg8lIP46mglYmI2gFZt5FDQN62KFekPIKKch\n9wrbwZqynIycRtRDYUIkU2s1Di9AzLlI/ijT7k5geUYbeN1v8Hp9NNA3Sp9yyZhN\nMX6Cx+LqDWd3efPWqzjn58tW0uXoZahFAAAAAAEC\n-----END OPENSSH PRIVATE KEY-----\n",
            "private_key_pem": "-----BEGIN RSA PRIVATE KEY-----\nMIIEpQIBAAKCAQEA4cbCunbS9TPWc4oQYlSDNQ/h8v6bElFOTLhk1UWxcGGtD+Lm\nyfWJ7yDAEm0Cxof0QLsLMEptxRNejI2OU8JYVZoUnGlrrEds+4Q8mN55DoYdCjlC\nG4lBGwJ1N2V3nhaTl/YJlglFhkGMcNe19WcHxgLgfv852LS+z62CMYplUZxQj2sI\nnuKuhw3KmCn/ubQqLdnL5RWSoqTGy2mUGF4quLQjj48LoP31ASkaJ1RFs+N7kPLX\nKqS9Q1ZaK0EkCbkBz7DNykTJnDYmaNM9S0thYfnZI6gqc1sYCyhMUmZkzgdLDf1q\ngZnszoLYPCrsbt7yVMXqZTqWvWE6+jwB4yv31wIDAQABAoIBAA+ltM0zev9fbldn\nlCcccFN3HFO47YphdCnBBcv6HogJXPMi6JfKmpqmDGm6gFy+A2GRFP9tyRnFc+IN\n1XVcnL6iBRep/rpb4OO1kHWPxZgKF20j9r7tzkNO8ky6jYW5TtVTSerKDbV2SYNw\nj73IPDOu81wZ2Cp6rFa8Ua+ZRdhX+acIu+QHE2tobIMJCt9WA25VKkA7Qp1NjlhQ\nkZjbrIsjClUx7HmSb5/Pu3bZXU3pBr6/ytIi0OSEGcyV/kvn8Tx6Tvnyuck82H+2\nUuBL+l2KHnS/4ERfiaIh8mTzLYdiCJQewNzeg/4H2jR5s4JhRukJgDEHDi/bLPS/\n7YgOtbECgYEA/Sc7wFDIpihSDzqP/T4J+/edCjgpLfQ3T7aGHpz2QUs6dereJOsC\nBmvSRHtAZgIMIEWbbqPi1ZOB5hlJ8SqSMRdCGcCCJjAoEoh+Ot7vO3UNf+c16c/v\nHw8ozxoO+EMYJX8l8YTCh20mDPCD11nwPmsx94qoNeCrjaCnxNftx2sCgYEA5FC3\nSkqNfrRp5cftUbU3uIG63RoRxUFpiiO3gDkqDyUg/jqaCViYjaAVm3kUNA3rYoV6\nQ8gopyH3CtvBmrKcjJxG1ENhQiRTazUOL0DMuUj+KNPuTmB5Rht43W/wen000DdK\nn3LJmE0xfoLH4uoNZ3d589arOOfny1bS5ehlqEUCgYEAqIcu2vesrBjZkDPPWaqs\nYOZV0FDU8TfMfq+nF8gslAkt0QRbgL5GqdmrsFVQ6NfiFLXiJMTLpJ0/c9xQAlHx\n4uZ15cjnm96hPr1JM43oO2/QXd6hYJdBvC6OX1kcsB+SepvruZ5FFn0OQLz5OCsy\nqYsZR48yLjP0YSObrIqHTCMCgYEAqy9h3k/7u06mP+UhKSxItQyAARt0y4N6EFsr\nUPaLdIOQM03ZBLzq1PV8fe/QmB7/qAUQYRYIdRfgVMHkbYsSGdNqv+gtWhxGd5F2\nKzPYy+vQtOgCO73V8BzVCKLPmeea26s5RkgYoxrtyz9fg+GdX0CTraH9C1PF1g4p\nXrxazEkCgYEAsqMGU3+1jKTnprOZ1l7Msvcww5aZWxzV65tMvePcJqC9w75XVRBn\nY2VkYELePSv3ZQK0NVGhIGmOqYy/9gKMCdRz2SIuR4QxfJ9Bb/9cLMnO/URjm8yU\nL9bRLwGZn5/bGDjGPOAEgAN73L9LcxdkVImj36vItiJG+/g7rXOGA14=\n-----END RSA PRIVATE KEY-----\n",
            "private_key_pem_pkcs8": "-----BEGIN PRIVATE KEY-----\nMIIEvwIBADANBgkqhkiG9w0BAQEFAASCBKkwggSlAgEAAoIBAQDhxsK6dtL1M9Zz\nihBiVIM1D+Hy/psSUU5MuGTVRbFwYa0P4ubJ9YnvIMASbQLGh/RAuwswSm3FE16M\njY5TwlhVmhScaWusR2z7hDyY3nkOhh0KOUIbiUEbAnU3ZXeeFpOX9gmWCUWGQYxw\n17X1ZwfGAuB+/znYtL7PrYIximVRnFCPawie4q6HDcqYKf+5tCot2cvlFZKipMbL\naZQYXiq4tCOPjwug/fUBKRonVEWz43uQ8tcqpL1DVlorQSQJuQHPsM3KRMmcNiZo\n0z1LS2Fh+dkjqCpzWxgLKExSZmTOB0sN/WqBmezOgtg8Kuxu3vJUxeplOpa9YTr6\nPAHjK/fXAgMBAAECggEAD6W0zTN6/19uV2eUJxxwU3ccU7jtimF0KcEFy/oeiAlc\n8yLol8qamqYMabqAXL4DYZEU/23JGcVz4g3VdVycvqIFF6n+ulvg47WQdY/FmAoX\nbSP2vu3OQ07yTLqNhblO1VNJ6soNtXZJg3CPvcg8M67zXBnYKnqsVrxRr5lF2Ff5\npwi75AcTa2hsgwkK31YDblUqQDtCnU2OWFCRmNusiyMKVTHseZJvn8+7dtldTekG\nvr/K0iLQ5IQZzJX+S+fxPHpO+fK5yTzYf7ZS4Ev6XYoedL/gRF+JoiHyZPMth2II\nlB7A3N6D/gfaNHmzgmFG6QmAMQcOL9ss9L/tiA61sQKBgQD9JzvAUMimKFIPOo/9\nPgn7950KOCkt9DdPtoYenPZBSzp16t4k6wIGa9JEe0BmAgwgRZtuo+LVk4HmGUnx\nKpIxF0IZwIImMCgSiH463u87dQ1/5zXpz+8fDyjPGg74QxglfyXxhMKHbSYM8IPX\nWfA+azH3iqg14KuNoKfE1+3HawKBgQDkULdKSo1+tGnlx+1RtTe4gbrdGhHFQWmK\nI7eAOSoPJSD+OpoJWJiNoBWbeRQ0DetihXpDyCinIfcK28GaspyMnEbUQ2FCJFNr\nNQ4vQMy5SP4o0+5OYHlGG3jdb/B6fTTQN0qfcsmYTTF+gsfi6g1nd3nz1qs45+fL\nVtLl6GWoRQKBgQCohy7a96ysGNmQM89Zqqxg5lXQUNTxN8x+r6cXyCyUCS3RBFuA\nvkap2auwVVDo1+IUteIkxMuknT9z3FACUfHi5nXlyOeb3qE+vUkzjeg7b9Bd3qFg\nl0G8Lo5fWRywH5J6m+u5nkUWfQ5AvPk4KzKpixlHjzIuM/RhI5usiodMIwKBgQCr\nL2HeT/u7TqY/5SEpLEi1DIABG3TLg3oQWytQ9ot0g5AzTdkEvOrU9Xx979CYHv+o\nBRBhFgh1F+BUweRtixIZ02q/6C1aHEZ3kXYrM9jL69C06AI7vdXwHNUIos+Z55rb\nqzlGSBijGu3LP1+D4Z1fQJOtof0LU8XWDilevFrMSQKBgQCyowZTf7WMpOems5nW\nXsyy9zDDlplbHNXrm0y949wmoL3DvldVEGdjZWRgQt49K/dlArQ1UaEgaY6pjL/2\nAowJ1HPZIi5HhDF8n0Fv/1wsyc79RGObzJQv1tEvAZmfn9sYOMY84ASAA3vcv0tz\nF2RUiaPfq8i2Ikb7+Dutc4YDXg==\n-----END PRIVATE KEY-----\n",
            "public_key_fingerprint_md5": "b1:ee:43:0e:a2:d6:35:7d:49:06:48:9f:2b:93:36:69",
            "public_key_fingerprint_sha256": "SHA256:LOimiFLlYR0N+EK8KWsC081ZLCrFuPPS7xR6rwPrwQk",
            "public_key_openssh": "ssh-rsa AAAAB3NzaC1yc2EAAAADAQABAAABAQDhxsK6dtL1M9ZzihBiVIM1D+Hy/psSUU5MuGTVRbFwYa0P4ubJ9YnvIMASbQLGh/RAuwswSm3FE16MjY5TwlhVmhScaWusR2z7hDyY3nkOhh0KOUIbiUEbAnU3ZXeeFpOX9gmWCUWGQYxw17X1ZwfGAuB+/znYtL7PrYIximVRnFCPawie4q6HDcqYKf+5tCot2cvlFZKipMbLaZQYXiq4tCOPjwug/fUBKRonVEWz43uQ8tcqpL1DVlorQSQJuQHPsM3KRMmcNiZo0z1LS2Fh+dkjqCpzWxgLKExSZmTOB0sN/WqBmezOgtg8Kuxu3vJUxeplOpa9YTr6PAHjK/fX\n",
            "public_key_pem": "-----BEGIN PUBLIC KEY-----\nMIIBIjANBgkqhkiG9w0BAQEFAAOCAQ8AMIIBCgKCAQEA4cbCunbS9TPWc4oQYlSD\nNQ/h8v6bElFOTLhk1UWxcGGtD+LmyfWJ7yDAEm0Cxof0QLsLMEptxRNejI2OU8JY\nVZoUnGlrrEds+4Q8mN55DoYdCjlCG4lBGwJ1N2V3nhaTl/YJlglFhkGMcNe19WcH\nxgLgfv852LS+z62CMYplUZxQj2sInuKuhw3KmCn/ubQqLdnL5RWSoqTGy2mUGF4q\nuLQjj48LoP31ASkaJ1RFs+N7kPLXKqS9Q1ZaK0EkCbkBz7DNykTJnDYmaNM9S0th\nYfnZI6gqc1sYCyhMUmZkzgdLDf1qgZnszoLYPCrsbt7yVMXqZTqWvWE6+jwB4yv3\n1wIDAQAB\n-----END PUBLIC KEY-----\n",
            "rsa_bits": 2048
          },
          "sensitive_attributes": [
            [
              {
                "type": "get_attr",
                "value": "private_key_openssh"
              }
            ],
            [
              {
                "type": "get_attr",
                "value": "private_key_pem_pkcs8"
              }
            ],
            [
              {
                "type": "get_attr",
                "value": "private_key_pem"
              }
            ]
          ]
        }
      ]
    }
  ],
  "check_results": null
}
